// !$*UTF8*$!
{
	archiveVersion = 1;
	classes = {
	};
	objectVersion = 51;
	objects = {

/* Begin PBXBuildFile section */
		D52B20696DBFDCB752B3C464 /* Pods_firebasePost.framework in Frameworks */ = {isa = PBXBuildFile; fileRef = 3749483883FB45405C98A08D /* Pods_firebasePost.framework */; };
		FBB06EC1239EC27D00127B28 /* AppDelegate.swift in Sources */ = {isa = PBXBuildFile; fileRef = FBB06EC0239EC27D00127B28 /* AppDelegate.swift */; };
		FBB06EC3239EC27D00127B28 /* SceneDelegate.swift in Sources */ = {isa = PBXBuildFile; fileRef = FBB06EC2239EC27D00127B28 /* SceneDelegate.swift */; };
		FBB06EC8239EC27D00127B28 /* Main.storyboard in Resources */ = {isa = PBXBuildFile; fileRef = FBB06EC6239EC27D00127B28 /* Main.storyboard */; };
		FBB06ECB239EC27D00127B28 /* firebasePost.xcdatamodeld in Sources */ = {isa = PBXBuildFile; fileRef = FBB06EC9239EC27D00127B28 /* firebasePost.xcdatamodeld */; };
		FBB06ECD239EC28100127B28 /* Assets.xcassets in Resources */ = {isa = PBXBuildFile; fileRef = FBB06ECC239EC28100127B28 /* Assets.xcassets */; };
		FBB06ED0239EC28100127B28 /* LaunchScreen.storyboard in Resources */ = {isa = PBXBuildFile; fileRef = FBB06ECE239EC28100127B28 /* LaunchScreen.storyboard */; };
		FBB06ED8239EC3E200127B28 /* GoogleService-Info.plist in Resources */ = {isa = PBXBuildFile; fileRef = FBB06ED7239EC3E200127B28 /* GoogleService-Info.plist */; };
		FBB06EDA239ECB6F00127B28 /* LoginViewController.swift in Sources */ = {isa = PBXBuildFile; fileRef = FBB06ED9239ECB6F00127B28 /* LoginViewController.swift */; };
		FBB06EDC239ED63B00127B28 /* InicioViewController.swift in Sources */ = {isa = PBXBuildFile; fileRef = FBB06EDB239ED63B00127B28 /* InicioViewController.swift */; };
		FBB06EDE239EDA8300127B28 /* RegistroViewController.swift in Sources */ = {isa = PBXBuildFile; fileRef = FBB06EDD239EDA8300127B28 /* RegistroViewController.swift */; };
		FBB06EE0239F4C8A00127B28 /* Users.swift in Sources */ = {isa = PBXBuildFile; fileRef = FBB06EDF239F4C8A00127B28 /* Users.swift */; };
		FBB06EE2239F59FE00127B28 /* Posts.swift in Sources */ = {isa = PBXBuildFile; fileRef = FBB06EE1239F59FE00127B28 /* Posts.swift */; };
/* End PBXBuildFile section */

/* Begin PBXFileReference section */
		02013FB0991652D7ACDA31E3 /* Pods-firebasePost.debug.xcconfig */ = {isa = PBXFileReference; includeInIndex = 1; lastKnownFileType = text.xcconfig; name = "Pods-firebasePost.debug.xcconfig"; path = "Target Support Files/Pods-firebasePost/Pods-firebasePost.debug.xcconfig"; sourceTree = "<group>"; };
		3749483883FB45405C98A08D /* Pods_firebasePost.framework */ = {isa = PBXFileReference; explicitFileType = wrapper.framework; includeInIndex = 0; path = Pods_firebasePost.framework; sourceTree = BUILT_PRODUCTS_DIR; };
		B3FE94E03EAA30E6BFA5A9B4 /* Pods-firebasePost.release.xcconfig */ = {isa = PBXFileReference; includeInIndex = 1; lastKnownFileType = text.xcconfig; name = "Pods-firebasePost.release.xcconfig"; path = "Target Support Files/Pods-firebasePost/Pods-firebasePost.release.xcconfig"; sourceTree = "<group>"; };
		FBB06EBD239EC27D00127B28 /* firebasePost.app */ = {isa = PBXFileReference; explicitFileType = wrapper.application; includeInIndex = 0; path = firebasePost.app; sourceTree = BUILT_PRODUCTS_DIR; };
		FBB06EC0239EC27D00127B28 /* AppDelegate.swift */ = {isa = PBXFileReference; lastKnownFileType = sourcecode.swift; path = AppDelegate.swift; sourceTree = "<group>"; };
		FBB06EC2239EC27D00127B28 /* SceneDelegate.swift */ = {isa = PBXFileReference; lastKnownFileType = sourcecode.swift; path = SceneDelegate.swift; sourceTree = "<group>"; };
		FBB06EC7239EC27D00127B28 /* Base */ = {isa = PBXFileReference; lastKnownFileType = file.storyboard; name = Base; path = Base.lproj/Main.storyboard; sourceTree = "<group>"; };
		FBB06ECA239EC27D00127B28 /* firebasePost.xcdatamodel */ = {isa = PBXFileReference; lastKnownFileType = wrapper.xcdatamodel; path = firebasePost.xcdatamodel; sourceTree = "<group>"; };
		FBB06ECC239EC28100127B28 /* Assets.xcassets */ = {isa = PBXFileReference; lastKnownFileType = folder.assetcatalog; path = Assets.xcassets; sourceTree = "<group>"; };
		FBB06ECF239EC28100127B28 /* Base */ = {isa = PBXFileReference; lastKnownFileType = file.storyboard; name = Base; path = Base.lproj/LaunchScreen.storyboard; sourceTree = "<group>"; };
		FBB06ED1239EC28100127B28 /* Info.plist */ = {isa = PBXFileReference; lastKnownFileType = text.plist.xml; path = Info.plist; sourceTree = "<group>"; };
		FBB06ED7239EC3E200127B28 /* GoogleService-Info.plist */ = {isa = PBXFileReference; fileEncoding = 4; lastKnownFileType = text.plist.xml; path = "GoogleService-Info.plist"; sourceTree = "<group>"; };
		FBB06ED9239ECB6F00127B28 /* LoginViewController.swift */ = {isa = PBXFileReference; lastKnownFileType = sourcecode.swift; path = LoginViewController.swift; sourceTree = "<group>"; };
		FBB06EDB239ED63B00127B28 /* InicioViewController.swift */ = {isa = PBXFileReference; lastKnownFileType = sourcecode.swift; path = InicioViewController.swift; sourceTree = "<group>"; };
		FBB06EDD239EDA8300127B28 /* RegistroViewController.swift */ = {isa = PBXFileReference; lastKnownFileType = sourcecode.swift; path = RegistroViewController.swift; sourceTree = "<group>"; };
		FBB06EDF239F4C8A00127B28 /* Users.swift */ = {isa = PBXFileReference; lastKnownFileType = sourcecode.swift; path = Users.swift; sourceTree = "<group>"; };
		FBB06EE1239F59FE00127B28 /* Posts.swift */ = {isa = PBXFileReference; lastKnownFileType = sourcecode.swift; path = Posts.swift; sourceTree = "<group>"; };
/* End PBXFileReference section */

/* Begin PBXFrameworksBuildPhase section */
		FBB06EBA239EC27D00127B28 /* Frameworks */ = {
			isa = PBXFrameworksBuildPhase;
			buildActionMask = 2147483647;
			files = (
				D52B20696DBFDCB752B3C464 /* Pods_firebasePost.framework in Frameworks */,
			);
			runOnlyForDeploymentPostprocessing = 0;
		};
/* End PBXFrameworksBuildPhase section */

/* Begin PBXGroup section */
		06AC4C94A6163E05F114460F /* Frameworks */ = {
			isa = PBXGroup;
			children = (
				3749483883FB45405C98A08D /* Pods_firebasePost.framework */,
			);
			name = Frameworks;
			sourceTree = "<group>";
		};
		F505FF53B83EFD79A9BA4D5D /* Pods */ = {
			isa = PBXGroup;
			children = (
				02013FB0991652D7ACDA31E3 /* Pods-firebasePost.debug.xcconfig */,
				B3FE94E03EAA30E6BFA5A9B4 /* Pods-firebasePost.release.xcconfig */,
			);
			path = Pods;
			sourceTree = "<group>";
		};
		FBB06EB4239EC27D00127B28 = {
			isa = PBXGroup;
			children = (
				FBB06EBF239EC27D00127B28 /* firebasePost */,
				FBB06EBE239EC27D00127B28 /* Products */,
				F505FF53B83EFD79A9BA4D5D /* Pods */,
				06AC4C94A6163E05F114460F /* Frameworks */,
			);
			sourceTree = "<group>";
		};
		FBB06EBE239EC27D00127B28 /* Products */ = {
			isa = PBXGroup;
			children = (
				FBB06EBD239EC27D00127B28 /* firebasePost.app */,
			);
			name = Products;
			sourceTree = "<group>";
		};
		FBB06EBF239EC27D00127B28 /* firebasePost */ = {
			isa = PBXGroup;
			children = (
				FBB06EC0239EC27D00127B28 /* AppDelegate.swift */,
				FBB06EC2239EC27D00127B28 /* SceneDelegate.swift */,
				FBB06EC6239EC27D00127B28 /* Main.storyboard */,
				FBB06ECC239EC28100127B28 /* Assets.xcassets */,
				FBB06ECE239EC28100127B28 /* LaunchScreen.storyboard */,
				FBB06ED1239EC28100127B28 /* Info.plist */,
				FBB06ED7239EC3E200127B28 /* GoogleService-Info.plist */,
				FBB06EC9239EC27D00127B28 /* firebasePost.xcdatamodeld */,
				FBB06ED9239ECB6F00127B28 /* LoginViewController.swift */,
				FBB06EDB239ED63B00127B28 /* InicioViewController.swift */,
				FBB06EDD239EDA8300127B28 /* RegistroViewController.swift */,
				FBB06EDF239F4C8A00127B28 /* Users.swift */,
				FBB06EE1239F59FE00127B28 /* Posts.swift */,
			);
			path = firebasePost;
			sourceTree = "<group>";
		};
/* End PBXGroup section */

/* Begin PBXNativeTarget section */
		FBB06EBC239EC27D00127B28 /* firebasePost */ = {
			isa = PBXNativeTarget;
			buildConfigurationList = FBB06ED4239EC28100127B28 /* Build configuration list for PBXNativeTarget "firebasePost" */;
			buildPhases = (
				98B620021972F11B4C8F5B87 /* [CP] Check Pods Manifest.lock */,
				FBB06EB9239EC27D00127B28 /* Sources */,
				FBB06EBA239EC27D00127B28 /* Frameworks */,
				FBB06EBB239EC27D00127B28 /* Resources */,
				3EA8908B7223C77E003BE072 /* [CP] Embed Pods Frameworks */,
			);
			buildRules = (
			);
			dependencies = (
			);
			name = firebasePost;
			productName = firebasePost;
			productReference = FBB06EBD239EC27D00127B28 /* firebasePost.app */;
			productType = "com.apple.product-type.application";
		};
/* End PBXNativeTarget section */

/* Begin PBXProject section */
		FBB06EB5239EC27D00127B28 /* Project object */ = {
			isa = PBXProject;
			attributes = {
				LastSwiftUpdateCheck = 1120;
				LastUpgradeCheck = 1120;
				ORGANIZATIONNAME = "Jonh Parra";
				TargetAttributes = {
					FBB06EBC239EC27D00127B28 = {
						CreatedOnToolsVersion = 11.2.1;
					};
				};
			};
			buildConfigurationList = FBB06EB8239EC27D00127B28 /* Build configuration list for PBXProject "firebasePost" */;
			compatibilityVersion = "Xcode 9.3";
			developmentRegion = en;
			hasScannedForEncodings = 0;
			knownRegions = (
				en,
				Base,
			);
			mainGroup = FBB06EB4239EC27D00127B28;
			productRefGroup = FBB06EBE239EC27D00127B28 /* Products */;
			projectDirPath = "";
			projectRoot = "";
			targets = (
				FBB06EBC239EC27D00127B28 /* firebasePost */,
			);
		};
/* End PBXProject section */

/* Begin PBXResourcesBuildPhase section */
		FBB06EBB239EC27D00127B28 /* Resources */ = {
			isa = PBXResourcesBuildPhase;
			buildActionMask = 2147483647;
			files = (
				FBB06ED0239EC28100127B28 /* LaunchScreen.storyboard in Resources */,
				FBB06ED8239EC3E200127B28 /* GoogleService-Info.plist in Resources */,
				FBB06ECD239EC28100127B28 /* Assets.xcassets in Resources */,
				FBB06EC8239EC27D00127B28 /* Main.storyboard in Resources */,
			);
			runOnlyForDeploymentPostprocessing = 0;
		};
/* End PBXResourcesBuildPhase section */

/* Begin PBXShellScriptBuildPhase section */
		3EA8908B7223C77E003BE072 /* [CP] Embed Pods Frameworks */ = {
			isa = PBXShellScriptBuildPhase;
			buildActionMask = 2147483647;
			files = (
			);
			inputFileListPaths = (
				"${PODS_ROOT}/Target Support Files/Pods-firebasePost/Pods-firebasePost-frameworks-${CONFIGURATION}-input-files.xcfilelist",
			);
			name = "[CP] Embed Pods Frameworks";
			outputFileListPaths = (
				"${PODS_ROOT}/Target Support Files/Pods-firebasePost/Pods-firebasePost-frameworks-${CONFIGURATION}-output-files.xcfilelist",
			);
			runOnlyForDeploymentPostprocessing = 0;
			shellPath = /bin/sh;
			shellScript = "\"${PODS_ROOT}/Target Support Files/Pods-firebasePost/Pods-firebasePost-frameworks.sh\"\n";
			showEnvVarsInLog = 0;
		};
		98B620021972F11B4C8F5B87 /* [CP] Check Pods Manifest.lock */ = {
			isa = PBXShellScriptBuildPhase;
			buildActionMask = 2147483647;
			files = (
			);
			inputFileListPaths = (
			);
			inputPaths = (
				"${PODS_PODFILE_DIR_PATH}/Podfile.lock",
				"${PODS_ROOT}/Manifest.lock",
			);
			name = "[CP] Check Pods Manifest.lock";
			outputFileListPaths = (
			);
			outputPaths = (
				"$(DERIVED_FILE_DIR)/Pods-firebasePost-checkManifestLockResult.txt",
			);
			runOnlyForDeploymentPostprocessing = 0;
			shellPath = /bin/sh;
			shellScript = "diff \"${PODS_PODFILE_DIR_PATH}/Podfile.lock\" \"${PODS_ROOT}/Manifest.lock\" > /dev/null\nif [ $? != 0 ] ; then\n    # print error to STDERR\n    echo \"error: The sandbox is not in sync with the Podfile.lock. Run 'pod install' or update your CocoaPods installation.\" >&2\n    exit 1\nfi\n# This output is used by Xcode 'outputs' to avoid re-running this script phase.\necho \"SUCCESS\" > \"${SCRIPT_OUTPUT_FILE_0}\"\n";
			showEnvVarsInLog = 0;
		};
/* End PBXShellScriptBuildPhase section */

/* Begin PBXSourcesBuildPhase section */
		FBB06EB9239EC27D00127B28 /* Sources */ = {
			isa = PBXSourcesBuildPhase;
			buildActionMask = 2147483647;
			files = (
				FBB06EDA239ECB6F00127B28 /* LoginViewController.swift in Sources */,
				FBB06EDE239EDA8300127B28 /* RegistroViewController.swift in Sources */,
				FBB06ECB239EC27D00127B28 /* firebasePost.xcdatamodeld in Sources */,
				FBB06EC1239EC27D00127B28 /* AppDelegate.swift in Sources */,
				FBB06EDC239ED63B00127B28 /* InicioViewController.swift in Sources */,
				FBB06EC3239EC27D00127B28 /* SceneDelegate.swift in Sources */,
				FBB06EE0239F4C8A00127B28 /* Users.swift in Sources */,
				FBB06EE2239F59FE00127B28 /* Posts.swift in Sources */,
			);
			runOnlyForDeploymentPostprocessing = 0;
		};
/* End PBXSourcesBuildPhase section */

/* Begin PBXVariantGroup section */
		FBB06EC6239EC27D00127B28 /* Main.storyboard */ = {
			isa = PBXVariantGroup;
			children = (
				FBB06EC7239EC27D00127B28 /* Base */,
			);
			name = Main.storyboard;
			sourceTree = "<group>";
		};
		FBB06ECE239EC28100127B28 /* LaunchScreen.storyboard */ = {
			isa = PBXVariantGroup;
			children = (
				FBB06ECF239EC28100127B28 /* Base */,
			);
			name = LaunchScreen.storyboard;
			sourceTree = "<group>";
		};
/* End PBXVariantGroup section */

/* Begin XCBuildConfiguration section */
		FBB06ED2239EC28100127B28 /* Debug */ = {
			isa = XCBuildConfiguration;
			buildSettings = {
				ALWAYS_SEARCH_USER_PATHS = NO;
				CLANG_ANALYZER_NONNULL = YES;
				CLANG_ANALYZER_NUMBER_OBJECT_CONVERSION = YES_AGGRESSIVE;
				CLANG_CXX_LANGUAGE_STANDARD = "gnu++14";
				CLANG_CXX_LIBRARY = "libc++";
				CLANG_ENABLE_MODULES = YES;
				CLANG_ENABLE_OBJC_ARC = YES;
				CLANG_ENABLE_OBJC_WEAK = YES;
				CLANG_WARN_BLOCK_CAPTURE_AUTORELEASING = YES;
				CLANG_WARN_BOOL_CONVERSION = YES;
				CLANG_WARN_COMMA = YES;
				CLANG_WARN_CONSTANT_CONVERSION = YES;
				CLANG_WARN_DEPRECATED_OBJC_IMPLEMENTATIONS = YES;
				CLANG_WARN_DIRECT_OBJC_ISA_USAGE = YES_ERROR;
				CLANG_WARN_DOCUMENTATION_COMMENTS = YES;
				CLANG_WARN_EMPTY_BODY = YES;
				CLANG_WARN_ENUM_CONVERSION = YES;
				CLANG_WARN_INFINITE_RECURSION = YES;
				CLANG_WARN_INT_CONVERSION = YES;
				CLANG_WARN_NON_LITERAL_NULL_CONVERSION = YES;
				CLANG_WARN_OBJC_IMPLICIT_RETAIN_SELF = YES;
				CLANG_WARN_OBJC_LITERAL_CONVERSION = YES;
				CLANG_WARN_OBJC_ROOT_CLASS = YES_ERROR;
				CLANG_WARN_RANGE_LOOP_ANALYSIS = YES;
				CLANG_WARN_STRICT_PROTOTYPES = YES;
				CLANG_WARN_SUSPICIOUS_MOVE = YES;
				CLANG_WARN_UNGUARDED_AVAILABILITY = YES_AGGRESSIVE;
				CLANG_WARN_UNREACHABLE_CODE = YES;
				CLANG_WARN__DUPLICATE_METHOD_MATCH = YES;
				COPY_PHASE_STRIP = NO;
				DEBUG_INFORMATION_FORMAT = dwarf;
				ENABLE_STRICT_OBJC_MSGSEND = YES;
				ENABLE_TESTABILITY = YES;
				GCC_C_LANGUAGE_STANDARD = gnu11;
				GCC_DYNAMIC_NO_PIC = NO;
				GCC_NO_COMMON_BLOCKS = YES;
				GCC_OPTIMIZATION_LEVEL = 0;
				GCC_PREPROCESSOR_DEFINITIONS = (
					"DEBUG=1",
					"$(inherited)",
				);
				GCC_WARN_64_TO_32_BIT_CONVERSION = YES;
				GCC_WARN_ABOUT_RETURN_TYPE = YES_ERROR;
				GCC_WARN_UNDECLARED_SELECTOR = YES;
				GCC_WARN_UNINITIALIZED_AUTOS = YES_AGGRESSIVE;
				GCC_WARN_UNUSED_FUNCTION = YES;
				GCC_WARN_UNUSED_VARIABLE = YES;
				IPHONEOS_DEPLOYMENT_TARGET = 13.2;
				MTL_ENABLE_DEBUG_INFO = INCLUDE_SOURCE;
				MTL_FAST_MATH = YES;
				ONLY_ACTIVE_ARCH = YES;
				SDKROOT = iphoneos;
				SWIFT_ACTIVE_COMPILATION_CONDITIONS = DEBUG;
				SWIFT_OPTIMIZATION_LEVEL = "-Onone";
			};
			name = Debug;
		};
		FBB06ED3239EC28100127B28 /* Release */ = {
			isa = XCBuildConfiguration;
			buildSettings = {
				ALWAYS_SEARCH_USER_PATHS = NO;
				CLANG_ANALYZER_NONNULL = YES;
				CLANG_ANALYZER_NUMBER_OBJECT_CONVERSION = YES_AGGRESSIVE;
				CLANG_CXX_LANGUAGE_STANDARD = "gnu++14";
				CLANG_CXX_LIBRARY = "libc++";
				CLANG_ENABLE_MODULES = YES;
				CLANG_ENABLE_OBJC_ARC = YES;
				CLANG_ENABLE_OBJC_WEAK = YES;
				CLANG_WARN_BLOCK_CAPTURE_AUTORELEASING = YES;
				CLANG_WARN_BOOL_CONVERSION = YES;
				CLANG_WARN_COMMA = YES;
				CLANG_WARN_CONSTANT_CONVERSION = YES;
				CLANG_WARN_DEPRECATED_OBJC_IMPLEMENTATIONS = YES;
				CLANG_WARN_DIRECT_OBJC_ISA_USAGE = YES_ERROR;
				CLANG_WARN_DOCUMENTATION_COMMENTS = YES;
				CLANG_WARN_EMPTY_BODY = YES;
				CLANG_WARN_ENUM_CONVERSION = YES;
				CLANG_WARN_INFINITE_RECURSION = YES;
				CLANG_WARN_INT_CONVERSION = YES;
				CLANG_WARN_NON_LITERAL_NULL_CONVERSION = YES;
				CLANG_WARN_OBJC_IMPLICIT_RETAIN_SELF = YES;
				CLANG_WARN_OBJC_LITERAL_CONVERSION = YES;
				CLANG_WARN_OBJC_ROOT_CLASS = YES_ERROR;
				CLANG_WARN_RANGE_LOOP_ANALYSIS = YES;
				CLANG_WARN_STRICT_PROTOTYPES = YES;
				CLANG_WARN_SUSPICIOUS_MOVE = YES;
				CLANG_WARN_UNGUARDED_AVAILABILITY = YES_AGGRESSIVE;
				CLANG_WARN_UNREACHABLE_CODE = YES;
				CLANG_WARN__DUPLICATE_METHOD_MATCH = YES;
				COPY_PHASE_STRIP = NO;
				DEBUG_INFORMATION_FORMAT = "dwarf-with-dsym";
				ENABLE_NS_ASSERTIONS = NO;
				ENABLE_STRICT_OBJC_MSGSEND = YES;
				GCC_C_LANGUAGE_STANDARD = gnu11;
				GCC_NO_COMMON_BLOCKS = YES;
				GCC_WARN_64_TO_32_BIT_CONVERSION = YES;
				GCC_WARN_ABOUT_RETURN_TYPE = YES_ERROR;
				GCC_WARN_UNDECLARED_SELECTOR = YES;
				GCC_WARN_UNINITIALIZED_AUTOS = YES_AGGRESSIVE;
				GCC_WARN_UNUSED_FUNCTION = YES;
				GCC_WARN_UNUSED_VARIABLE = YES;
				IPHONEOS_DEPLOYMENT_TARGET = 13.2;
				MTL_ENABLE_DEBUG_INFO = NO;
				MTL_FAST_MATH = YES;
				SDKROOT = iphoneos;
				SWIFT_COMPILATION_MODE = wholemodule;
				SWIFT_OPTIMIZATION_LEVEL = "-O";
				VALIDATE_PRODUCT = YES;
			};
			name = Release;
		};
		FBB06ED5239EC28100127B28 /* Debug */ = {
			isa = XCBuildConfiguration;
			baseConfigurationReference = 02013FB0991652D7ACDA31E3 /* Pods-firebasePost.debug.xcconfig */;
			buildSettings = {
				ASSETCATALOG_COMPILER_APPICON_NAME = AppIcon;
				CODE_SIGN_STYLE = Automatic;
				DEVELOPMENT_TEAM = 5P8XSGQX8X;
				INFOPLIST_FILE = firebasePost/Info.plist;
				LD_RUNPATH_SEARCH_PATHS = (
					"$(inherited)",
					"@executable_path/Frameworks",
				);
				PRODUCT_BUNDLE_IDENTIFIER = com.jonh.firebasePost;
				PRODUCT_NAME = "$(TARGET_NAME)";
				SWIFT_VERSION = 5.0;
				TARGETED_DEVICE_FAMILY = "1,2";
			};
			name = Debug;
		};
		FBB06ED6239EC28100127B28 /* Release */ = {
			isa = XCBuildConfiguration;
			baseConfigurationReference = B3FE94E03EAA30E6BFA5A9B4 /* Pods-firebasePost.release.xcconfig */;
			buildSettings = {
				ASSETCATALOG_COMPILER_APPICON_NAME = AppIcon;
				CODE_SIGN_STYLE = Automatic;
				DEVELOPMENT_TEAM = 5P8XSGQX8X;
				INFOPLIST_FILE = firebasePost/Info.plist;
				LD_RUNPATH_SEARCH_PATHS = (
					"$(inherited)",
					"@executable_path/Frameworks",
				);
				PRODUCT_BUNDLE_IDENTIFIER = com.jonh.firebasePost;
				PRODUCT_NAME = "$(TARGET_NAME)";
				SWIFT_VERSION = 5.0;
				TARGETED_DEVICE_FAMILY = "1,2";
			};
			name = Release;
		};
/* End XCBuildConfiguration section */

/* Begin XCConfigurationList section */
		FBB06EB8239EC27D00127B28 /* Build configuration list for PBXProject "firebasePost" */ = {
			isa = XCConfigurationList;
			buildConfigurations = (
				FBB06ED2239EC28100127B28 /* Debug */,
				FBB06ED3239EC28100127B28 /* Release */,
			);
			defaultConfigurationIsVisible = 0;
			defaultConfigurationName = Release;
		};
		FBB06ED4239EC28100127B28 /* Build configuration list for PBXNativeTarget "firebasePost" */ = {
			isa = XCConfigurationList;
			buildConfigurations = (
				FBB06ED5239EC28100127B28 /* Debug */,
				FBB06ED6239EC28100127B28 /* Release */,
			);
			defaultConfigurationIsVisible = 0;
			defaultConfigurationName = Release;
		};
/* End XCConfigurationList section */

/* Begin XCVersionGroup section */
		FBB06EC9239EC27D00127B28 /* firebasePost.xcdatamodeld */ = {
			isa = XCVersionGroup;
			children = (
				FBB06ECA239EC27D00127B28 /* firebasePost.xcdatamodel */,
			);
			currentVersion = FBB06ECA239EC27D00127B28 /* firebasePost.xcdatamodel */;
			path = firebasePost.xcdatamodeld;
			sourceTree = "<group>";
			versionGroupType = wrapper.xcdatamodel;
		};
/* End XCVersionGroup section */
	};
	rootObject = FBB06EB5239EC27D00127B28 /* Project object */;
}
